<?xml version="1.0" encoding="utf-8"?>
<Project ToolsVersion="4.0" xmlns="http://schemas.microsoft.com/developer/msbuild/2003">
  <ItemGroup>
    <ClCompile Include="Boss.cpp" />
    <ClCompile Include="BossAttack.cpp" />
    <ClCompile Include="BossBulletAttack.cpp" />
    <ClCompile Include="BossRoot.cpp" />
    <ClCompile Include="BossRootAttack.cpp" />
    <ClCompile Include="Bullet.cpp" />
    <ClCompile Include="Camera.cpp" />
    <ClCompile Include="codEXEater.cpp" />
    <ClCompile Include="ConfigManager.cpp" />
    <ClCompile Include="dialog\DialogNode.cpp" />
    <ClCompile Include="dialog\DialogSystem.cpp" />
    <ClCompile Include="dialog\DialogTree.cpp" />
    <ClCompile Include="dialog\EncodingUtils.cpp" />
    <ClCompile Include="dialog\QuestController.cpp" />
    <ClCompile Include="dialog\ScriptEngine.cpp" />
    <ClCompile Include="Entity.cpp" />
    <ClCompile Include="GameEngine.cpp" />
    <ClCompile Include="GameObject.cpp" />
    <ClCompile Include="GraphicsManager.cpp" />
    <ClCompile Include="Logger.cpp" />
    <ClCompile Include="ParryBullet.cpp" />
    <ClCompile Include="Platform.cpp" />
    <ClCompile Include="Player.cpp" />
    <ClCompile Include="Projectile.cpp" />
    <ClCompile Include="SidePlatform.cpp" />
    <ClCompile Include="UIManager.cpp" />
  </ItemGroup>
  <ItemGroup>
    <ClInclude Include="Boss.h" />
    <ClInclude Include="BossAttack.h" />
    <ClInclude Include="BossBulletAttack.h" />
    <ClInclude Include="BossRoot.h" />
    <ClInclude Include="BossRootAttack.h" />
    <ClInclude Include="Bullet.h" />
    <ClInclude Include="Camera.h" />
    <ClInclude Include="ConfigManager.h" />
    <ClInclude Include="dialog\DialogNode.h" />
    <ClInclude Include="dialog\DialogSystem.h" />
    <ClInclude Include="dialog\DialogTree.h" />
    <ClInclude Include="dialog\json.hpp" />
    <ClInclude Include="dialog\QuestController.h" />
    <ClInclude Include="dialog\ScriptEngine.h" />
    <ClInclude Include="Entity.h" />
    <ClInclude Include="GameEngine.h" />
    <ClInclude Include="GameObject.h" />
    <ClInclude Include="GraphicsManager.h" />
    <ClInclude Include="Logger.h" />
    <ClInclude Include="ParryBullet.h" />
    <ClInclude Include="Platform.h" />
    <ClInclude Include="Player.h" />
    <ClInclude Include="Projectile.h" />
    <ClInclude Include="SidePlatform.h" />
    <ClInclude Include="UIManager.h" />
  </ItemGroup>
  <ItemGroup>
    <Text Include="config.txt" />
    <Text Include="debug.txt" />
    <Text Include="graphics\bullet.txt" />
    <Text Include="graphics\levels\level1.txt" />
    <Text Include="graphics\levels\level2.txt" />
    <Text Include="graphics\levels\level3.txt" />
    <Text Include="graphics\levels\level4.txt" />
    <Text Include="graphics\levels\level5.txt" />
    <Text Include="graphics\levels\level6.txt" />
    <Text Include="graphics\levels\level7.txt" />
    <Text Include="graphics\parry_bullet.txt" />
    <Text Include="graphics\player.txt" />
    <Text Include="graphics\player_dodge.txt" />
    <Text Include="dialog_trees\final_dive_dialog.txt">
      <Filter>dialogTrees</Filter>
    </Text>
    <Text Include="dialog_trees\game_finish_dialog.txt">
      <Filter>dialogTrees</Filter>
    </Text>
    <Text Include="dialog_trees\game_start_dialog.txt">
      <Filter>dialogTrees</Filter>
    </Text>
    <Text Include="dialog_trees\second_level_choice_dialog.txt">
      <Filter>dialogTrees</Filter>
    </Text>
    <Text Include="dialog_trees\third_level_choice_dialog.txt">
      <Filter>dialogTrees</Filter>
    </Text>
    <Text Include="dialog_trees\talk_with_feature_dialog.txt">
      <Filter>dialogTrees</Filter>
    </Text>
    <Text Include="dialog_trees\ref_text.txt">
      <Filter>dialogTrees</Filter>
    </Text>
  </ItemGroup>
  <ItemGroup>
    <Filter Include="dialogTrees">
      <UniqueIdentifier>{a4d909f1-9e5e-4d02-8aa3-80ae76bfe3b8}</UniqueIdentifier>
    </Filter>
  </ItemGroup>
</Project>